
Microsoft Visual Studio Solution File, Format Version 12.00
Project("{FAE04EC0-301F-11D3-BF4B-00C04F79EFBC}") = "telesto", "telesto\telesto.csproj", "{0AA1277A-74A8-4C4D-B2E8-E2B3A60F8DA7}"
EndProject
Project("{FAE04EC0-301F-11D3-BF4B-00C04F79EFBC}") = "telesto.Tests", "telesto.Tests\telesto.Tests.csproj", "{EDFFD794-0981-4443-891D-0139F6DA92A9}"
EndProject
Global
	GlobalSection(SolutionConfigurationPlatforms) = preSolution
		Debug|Any CPU = Debug|Any CPU
		Release|Any CPU = Release|Any CPU
	EndGlobalSection
	GlobalSection(ProjectConfigurationPlatforms) = postSolution
		{0AA1277A-74A8-4C4D-B2E8-E2B3A60F8DA7}.Debug|Any CPU.ActiveCfg = Debug|Any CPU
		{0AA1277A-74A8-4C4D-B2E8-E2B3A60F8DA7}.Debug|Any CPU.Build.0 = Debug|Any CPU
		{0AA1277A-74A8-4C4D-B2E8-E2B3A60F8DA7}.Release|Any CPU.ActiveCfg = Release|Any CPU
		{0AA1277A-74A8-4C4D-B2E8-E2B3A60F8DA7}.Release|Any CPU.Build.0 = Release|Any CPU
		{EDFFD794-0981-4443-891D-0139F6DA92A9}.Debug|Any CPU.ActiveCfg = Debug|Any CPU
		{EDFFD794-0981-4443-891D-0139F6DA92A9}.Debug|Any CPU.Build.0 = Debug|Any CPU
		{EDFFD794-0981-4443-891D-0139F6DA92A9}.Release|Any CPU.ActiveCfg = Release|Any CPU
		{EDFFD794-0981-4443-891D-0139F6DA92A9}.Release|Any CPU.Build.0 = Release|Any CPU
	EndGlobalSection
EndGlobal
